
Microsoft Visual Studio Solution File, Format Version 12.00
# Visual Studio Version 16
VisualStudioVersion = 16.0.29409.12
MinimumVisualStudioVersion = 10.0.40219.1
Project("{FAE04EC0-301F-11D3-BF4B-00C04F79EFBC}") = "Dependency-Injector", "Dependency-Injector\Dependency-Injector.csproj", "{7D99FEE6-CFA9-4C19-9940-17002B800838}"
EndProject
Project("{FAE04EC0-301F-11D3-BF4B-00C04F79EFBC}") = "Dependency-Injector.Tests", "Dependency-Injector.Tests\Dependency-Injector.Tests.csproj", "{EA21CA63-E7A6-468F-AF4F-7442C3543826}"
EndProject
Global
	GlobalSection(SolutionConfigurationPlatforms) = preSolution
		Debug|Any CPU = Debug|Any CPU
		Release|Any CPU = Release|Any CPU
	EndGlobalSection
	GlobalSection(ProjectConfigurationPlatforms) = postSolution
		{7D99FEE6-CFA9-4C19-9940-17002B800838}.Debug|Any CPU.ActiveCfg = Debug|Any CPU
		{7D99FEE6-CFA9-4C19-9940-17002B800838}.Debug|Any CPU.Build.0 = Debug|Any CPU
		{7D99FEE6-CFA9-4C19-9940-17002B800838}.Release|Any CPU.ActiveCfg = Release|Any CPU
		{7D99FEE6-CFA9-4C19-9940-17002B800838}.Release|Any CPU.Build.0 = Release|Any CPU
		{EA21CA63-E7A6-468F-AF4F-7442C3543826}.Debug|Any CPU.ActiveCfg = Debug|Any CPU
		{EA21CA63-E7A6-468F-AF4F-7442C3543826}.Debug|Any CPU.Build.0 = Debug|Any CPU
		{EA21CA63-E7A6-468F-AF4F-7442C3543826}.Release|Any CPU.ActiveCfg = Release|Any CPU
		{EA21CA63-E7A6-468F-AF4F-7442C3543826}.Release|Any CPU.Build.0 = Release|Any CPU
	EndGlobalSection
	GlobalSection(SolutionProperties) = preSolution
		HideSolutionNode = FALSE
	EndGlobalSection
	GlobalSection(ExtensibilityGlobals) = postSolution
		SolutionGuid = {E6748D5A-358D-4692-8EB6-0572E3CECE92}
	EndGlobalSection
EndGlobal
